
Microsoft Visual Studio Solution File, Format Version 12.00
# Visual Studio Version 17
VisualStudioVersion = 17.0.32112.339
MinimumVisualStudioVersion = 10.0.40219.1
Project("{9A19103F-16F7-4668-BE54-9A1E7A4F7556}") = "D2L.LaunchDarkly.ServerSdk", "src\LaunchDarkly.ServerSdk\D2L.LaunchDarkly.ServerSdk.csproj", "{4A6FC4B2-D541-4EDF-AFB5-6B0759E2D7AF}"
EndProject
Project("{9A19103F-16F7-4668-BE54-9A1E7A4F7556}") = "D2L.LaunchDarkly.ServerSdk.Tests", "test\LaunchDarkly.ServerSdk.Tests\D2L.LaunchDarkly.ServerSdk.Tests.csproj", "{8D50C46B-A9D8-4D97-888C-FFCBBE1BD3F7}"
EndProject
Global
	GlobalSection(SolutionConfigurationPlatforms) = preSolution
		Debug|Any CPU = Debug|Any CPU
		Release|Any CPU = Release|Any CPU
	EndGlobalSection
	GlobalSection(ProjectConfigurationPlatforms) = postSolution
		{4A6FC4B2-D541-4EDF-AFB5-6B0759E2D7AF}.Debug|Any CPU.ActiveCfg = Debug|Any CPU
		{4A6FC4B2-D541-4EDF-AFB5-6B0759E2D7AF}.Debug|Any CPU.Build.0 = Debug|Any CPU
		{4A6FC4B2-D541-4EDF-AFB5-6B0759E2D7AF}.Release|Any CPU.ActiveCfg = Release|Any CPU
		{4A6FC4B2-D541-4EDF-AFB5-6B0759E2D7AF}.Release|Any CPU.Build.0 = Release|Any CPU
		{8D50C46B-A9D8-4D97-888C-FFCBBE1BD3F7}.Debug|Any CPU.ActiveCfg = Debug|Any CPU
		{8D50C46B-A9D8-4D97-888C-FFCBBE1BD3F7}.Debug|Any CPU.Build.0 = Debug|Any CPU
		{8D50C46B-A9D8-4D97-888C-FFCBBE1BD3F7}.Release|Any CPU.ActiveCfg = Release|Any CPU
		{8D50C46B-A9D8-4D97-888C-FFCBBE1BD3F7}.Release|Any CPU.Build.0 = Release|Any CPU
	EndGlobalSection
	GlobalSection(SolutionProperties) = preSolution
		HideSolutionNode = FALSE
	EndGlobalSection
	GlobalSection(ExtensibilityGlobals) = postSolution
		SolutionGuid = {3918D1EB-FDDE-400F-B05E-3A0D717EA5DA}
	EndGlobalSection
EndGlobal
